
Microsoft Visual Studio Solution File, Format Version 12.00
# Visual Studio Version 17
VisualStudioVersion = 17.10.35027.167
MinimumVisualStudioVersion = 10.0.40219.1
Project("{FAE04EC0-301F-11D3-BF4B-00C04F79EFBC}") = "prycontactos", "prycontactos\prycontactos.csproj", "{97AF3D11-59E2-4861-9D13-043DD02EEBF0}"
EndProject
Global
	GlobalSection(SolutionConfigurationPlatforms) = preSolution
		Debug|Any CPU = Debug|Any CPU
		Release|Any CPU = Release|Any CPU
	EndGlobalSection
	GlobalSection(ProjectConfigurationPlatforms) = postSolution
		{97AF3D11-59E2-4861-9D13-043DD02EEBF0}.Debug|Any CPU.ActiveCfg = Debug|Any CPU
		{97AF3D11-59E2-4861-9D13-043DD02EEBF0}.Debug|Any CPU.Build.0 = Debug|Any CPU
		{97AF3D11-59E2-4861-9D13-043DD02EEBF0}.Release|Any CPU.ActiveCfg = Release|Any CPU
		{97AF3D11-59E2-4861-9D13-043DD02EEBF0}.Release|Any CPU.Build.0 = Release|Any CPU
	EndGlobalSection
	GlobalSection(SolutionProperties) = preSolution
		HideSolutionNode = FALSE
	EndGlobalSection
	GlobalSection(ExtensibilityGlobals) = postSolution
		SolutionGuid = {3B889574-6FCE-4A60-9EF1-C27621BA0711}
	EndGlobalSection
EndGlobal
